
Microsoft Visual Studio Solution File, Format Version 12.00
# Visual Studio Version 17
VisualStudioVersion = 17.11.35303.130
MinimumVisualStudioVersion = 10.0.40219.1
Project("{9A19103F-16F7-4668-BE54-9A1E7A4F7556}") = "Servidor", "Servidor\Servidor.csproj", "{6E305A08-7349-4875-9241-915C3315B1AD}"
EndProject
Project("{9A19103F-16F7-4668-BE54-9A1E7A4F7556}") = "Cliente", "Cliente\Cliente.csproj", "{383EDA32-3186-4B1D-AAAD-BC9065F7D9F7}"
EndProject
Project("{9A19103F-16F7-4668-BE54-9A1E7A4F7556}") = "ENT", "ENT\ENT.csproj", "{8D6E5A98-9836-47BC-90A4-8B65ADA499C8}"
EndProject
Project("{9A19103F-16F7-4668-BE54-9A1E7A4F7556}") = "DAL", "DAL\DAL.csproj", "{3AF051C1-E146-4342-97C8-5647C2E8D917}"
EndProject
Project("{9A19103F-16F7-4668-BE54-9A1E7A4F7556}") = "DTO", "DTO\DTO.csproj", "{E4F88233-C5BD-4B54-B5CC-05C6EF2C5785}"
EndProject
Global
	GlobalSection(SolutionConfigurationPlatforms) = preSolution
		Debug|Any CPU = Debug|Any CPU
		Release|Any CPU = Release|Any CPU
	EndGlobalSection
	GlobalSection(ProjectConfigurationPlatforms) = postSolution
		{6E305A08-7349-4875-9241-915C3315B1AD}.Debug|Any CPU.ActiveCfg = Debug|Any CPU
		{6E305A08-7349-4875-9241-915C3315B1AD}.Debug|Any CPU.Build.0 = Debug|Any CPU
		{6E305A08-7349-4875-9241-915C3315B1AD}.Release|Any CPU.ActiveCfg = Release|Any CPU
		{6E305A08-7349-4875-9241-915C3315B1AD}.Release|Any CPU.Build.0 = Release|Any CPU
		{383EDA32-3186-4B1D-AAAD-BC9065F7D9F7}.Debug|Any CPU.ActiveCfg = Debug|Any CPU
		{383EDA32-3186-4B1D-AAAD-BC9065F7D9F7}.Debug|Any CPU.Build.0 = Debug|Any CPU
		{383EDA32-3186-4B1D-AAAD-BC9065F7D9F7}.Debug|Any CPU.Deploy.0 = Debug|Any CPU
		{383EDA32-3186-4B1D-AAAD-BC9065F7D9F7}.Release|Any CPU.ActiveCfg = Release|Any CPU
		{383EDA32-3186-4B1D-AAAD-BC9065F7D9F7}.Release|Any CPU.Build.0 = Release|Any CPU
		{383EDA32-3186-4B1D-AAAD-BC9065F7D9F7}.Release|Any CPU.Deploy.0 = Release|Any CPU
		{8D6E5A98-9836-47BC-90A4-8B65ADA499C8}.Debug|Any CPU.ActiveCfg = Debug|Any CPU
		{8D6E5A98-9836-47BC-90A4-8B65ADA499C8}.Debug|Any CPU.Build.0 = Debug|Any CPU
		{8D6E5A98-9836-47BC-90A4-8B65ADA499C8}.Release|Any CPU.ActiveCfg = Release|Any CPU
		{8D6E5A98-9836-47BC-90A4-8B65ADA499C8}.Release|Any CPU.Build.0 = Release|Any CPU
		{3AF051C1-E146-4342-97C8-5647C2E8D917}.Debug|Any CPU.ActiveCfg = Debug|Any CPU
		{3AF051C1-E146-4342-97C8-5647C2E8D917}.Debug|Any CPU.Build.0 = Debug|Any CPU
		{3AF051C1-E146-4342-97C8-5647C2E8D917}.Release|Any CPU.ActiveCfg = Release|Any CPU
		{3AF051C1-E146-4342-97C8-5647C2E8D917}.Release|Any CPU.Build.0 = Release|Any CPU
		{E4F88233-C5BD-4B54-B5CC-05C6EF2C5785}.Debug|Any CPU.ActiveCfg = Debug|Any CPU
		{E4F88233-C5BD-4B54-B5CC-05C6EF2C5785}.Debug|Any CPU.Build.0 = Debug|Any CPU
		{E4F88233-C5BD-4B54-B5CC-05C6EF2C5785}.Release|Any CPU.ActiveCfg = Release|Any CPU
		{E4F88233-C5BD-4B54-B5CC-05C6EF2C5785}.Release|Any CPU.Build.0 = Release|Any CPU
	EndGlobalSection
	GlobalSection(SolutionProperties) = preSolution
		HideSolutionNode = FALSE
	EndGlobalSection
	GlobalSection(ExtensibilityGlobals) = postSolution
		SolutionGuid = {02E956F3-B033-4A9B-AF72-07E024760CC7}
	EndGlobalSection
EndGlobal
